
Microsoft Visual Studio Solution File, Format Version 12.00
Project("{FAE04EC0-301F-11D3-BF4B-00C04F79EFBC}") = "Kowmal.API", "Kowmal.API\Kowmal.API.csproj", "{DC1195E0-DFC7-4F9C-867E-A6B34D5E078B}"
EndProject
Project("{2150E333-8FDC-42A3-9474-1A3956D46DE8}") = "Solution Items", "Solution Items", "{1B938302-8A40-427C-967E-D87490B81B7C}"
	ProjectSection(SolutionItems) = preProject
		docker-compose.yml = docker-compose.yml
	EndProjectSection
EndProject
Project("{FAE04EC0-301F-11D3-BF4B-00C04F79EFBC}") = "Kowmal.WebApp", "Kowmal.WebApp\Kowmal.WebApp.csproj", "{3A468885-4186-4F3E-BF12-F53C772249D5}"
EndProject
Global
	GlobalSection(SolutionConfigurationPlatforms) = preSolution
		Debug|Any CPU = Debug|Any CPU
		Release|Any CPU = Release|Any CPU
	EndGlobalSection
	GlobalSection(ProjectConfigurationPlatforms) = postSolution
		{DC1195E0-DFC7-4F9C-867E-A6B34D5E078B}.Debug|Any CPU.ActiveCfg = Debug|Any CPU
		{DC1195E0-DFC7-4F9C-867E-A6B34D5E078B}.Debug|Any CPU.Build.0 = Debug|Any CPU
		{DC1195E0-DFC7-4F9C-867E-A6B34D5E078B}.Release|Any CPU.ActiveCfg = Release|Any CPU
		{DC1195E0-DFC7-4F9C-867E-A6B34D5E078B}.Release|Any CPU.Build.0 = Release|Any CPU
		{3A468885-4186-4F3E-BF12-F53C772249D5}.Debug|Any CPU.ActiveCfg = Debug|Any CPU
		{3A468885-4186-4F3E-BF12-F53C772249D5}.Debug|Any CPU.Build.0 = Debug|Any CPU
		{3A468885-4186-4F3E-BF12-F53C772249D5}.Release|Any CPU.ActiveCfg = Release|Any CPU
		{3A468885-4186-4F3E-BF12-F53C772249D5}.Release|Any CPU.Build.0 = Release|Any CPU
	EndGlobalSection
	GlobalSection(NestedProjects) = preSolution
	EndGlobalSection
EndGlobal
